{
    "_meta": {
        "hash": {
            "sha256": "f875961da213bcf9c80e5b5be37cebe61580493c111c54043dbc1323a7b16df5"
        },
        "pipfile-spec": 6,
        "requires": {
            "python_version": "3.7"
        },
        "sources": [
            {
                "name": "pypi",
                "url": "https://pypi.org/simple",
                "verify_ssl": true
            }
        ]
    },
    "default": {
        "aiosqlite": {
            "hashes": [
                "sha256:554669169488785f56e2f186583a9d1023bb3dedb1fd08847966e78ce8854c96"
            ],
            "index": "pypi",
            "version": "==0.8.0"
        }
    },
    "develop": {}
}
